
Microsoft Visual Studio Solution File, Format Version 12.00
# Visual Studio 2013
VisualStudioVersion = 12.0.40629.0
MinimumVisualStudioVersion = 10.0.40219.1
Project("{FAE04EC0-301F-11D3-BF4B-00C04F79EFBC}") = "Contracts", "Contracts\Contracts.csproj", "{B764BFD3-4972-40A8-8E78-06BC3516FE3D}"
EndProject
Project("{FAE04EC0-301F-11D3-BF4B-00C04F79EFBC}") = "Shell", "Shell\Shell.csproj", "{94740965-51B5-4C50-96B3-C7F7F2ED9277}"
EndProject
Project("{FAE04EC0-301F-11D3-BF4B-00C04F79EFBC}") = "Module", "Module\Module.csproj", "{A1406E33-7AA2-439E-B0E1-2EDC1EA61A10}"
EndProject
Global
	GlobalSection(SolutionConfigurationPlatforms) = preSolution
		Debug|Any CPU = Debug|Any CPU
		Release|Any CPU = Release|Any CPU
	EndGlobalSection
	GlobalSection(ProjectConfigurationPlatforms) = postSolution
		{B764BFD3-4972-40A8-8E78-06BC3516FE3D}.Debug|Any CPU.ActiveCfg = Debug|Any CPU
		{B764BFD3-4972-40A8-8E78-06BC3516FE3D}.Debug|Any CPU.Build.0 = Debug|Any CPU
		{B764BFD3-4972-40A8-8E78-06BC3516FE3D}.Release|Any CPU.ActiveCfg = Release|Any CPU
		{B764BFD3-4972-40A8-8E78-06BC3516FE3D}.Release|Any CPU.Build.0 = Release|Any CPU
		{94740965-51B5-4C50-96B3-C7F7F2ED9277}.Debug|Any CPU.ActiveCfg = Debug|Any CPU
		{94740965-51B5-4C50-96B3-C7F7F2ED9277}.Debug|Any CPU.Build.0 = Debug|Any CPU
		{94740965-51B5-4C50-96B3-C7F7F2ED9277}.Release|Any CPU.ActiveCfg = Release|Any CPU
		{94740965-51B5-4C50-96B3-C7F7F2ED9277}.Release|Any CPU.Build.0 = Release|Any CPU
		{A1406E33-7AA2-439E-B0E1-2EDC1EA61A10}.Debug|Any CPU.ActiveCfg = Debug|Any CPU
		{A1406E33-7AA2-439E-B0E1-2EDC1EA61A10}.Debug|Any CPU.Build.0 = Debug|Any CPU
		{A1406E33-7AA2-439E-B0E1-2EDC1EA61A10}.Release|Any CPU.ActiveCfg = Release|Any CPU
		{A1406E33-7AA2-439E-B0E1-2EDC1EA61A10}.Release|Any CPU.Build.0 = Release|Any CPU
	EndGlobalSection
	GlobalSection(SolutionProperties) = preSolution
		HideSolutionNode = FALSE
	EndGlobalSection
EndGlobal
